<Solution>
  <Folder Name="/Tests/" />
  <Project Path="FitnessTracker.Api/FitnessTracker.Api.csproj" />
  <Project Path="FitnessTracker.Application/FitnessTracker.Application.csproj" />
  <Project Path="FitnessTracker.Contracts/FitnessTracker.Contracts.csproj" />
  <Project Path="FitnessTracker.Domain/FitnessTracker.Domain.csproj" />
  <Project Path="FitnessTracker.Infrastructure/FitnessTracker.Infrastructure.csproj" />
  <Project Path="Tests/FitnessTracker.IntegrationTests/FitnessTracker.IntegrationTests.csproj" />
  <Project Path="Tests/FitnessTracker.UnitTests/FitnessTracker.UnitTests.csproj" />
</Solution>
